// !$*UTF8*$!
{
	archiveVersion = 1;
	classes = {
	};
	objectVersion = 48;
	objects = {

/* Begin PBXBuildFile section */
		ADA6138D200694F700357940 /* AppDelegate.swift in Sources */ = {isa = PBXBuildFile; fileRef = ADA6138C200694F700357940 /* AppDelegate.swift */; };
		ADA6138F200694F700357940 /* ViewController.swift in Sources */ = {isa = PBXBuildFile; fileRef = ADA6138E200694F700357940 /* ViewController.swift */; };
		ADA61392200694F700357940 /* Main.storyboard in Resources */ = {isa = PBXBuildFile; fileRef = ADA61390200694F700357940 /* Main.storyboard */; };
		ADA61394200694F700357940 /* Assets.xcassets in Resources */ = {isa = PBXBuildFile; fileRef = ADA61393200694F700357940 /* Assets.xcassets */; };
		ADA61397200694F700357940 /* LaunchScreen.storyboard in Resources */ = {isa = PBXBuildFile; fileRef = ADA61395200694F700357940 /* LaunchScreen.storyboard */; };
		ADA613A2200694F700357940 /* michuapkaTests.swift in Sources */ = {isa = PBXBuildFile; fileRef = ADA613A1200694F700357940 /* michuapkaTests.swift */; };
		ADA613AD200694F700357940 /* michuapkaUITests.swift in Sources */ = {isa = PBXBuildFile; fileRef = ADA613AC200694F700357940 /* michuapkaUITests.swift */; };
/* End PBXBuildFile section */

/* Begin PBXContainerItemProxy section */
		ADA6139E200694F700357940 /* PBXContainerItemProxy */ = {
			isa = PBXContainerItemProxy;
			containerPortal = ADA61381200694F700357940 /* Project object */;
			proxyType = 1;
			remoteGlobalIDString = ADA61388200694F700357940;
			remoteInfo = michuapka;
		};
		ADA613A9200694F700357940 /* PBXContainerItemProxy */ = {
			isa = PBXContainerItemProxy;
			containerPortal = ADA61381200694F700357940 /* Project object */;
			proxyType = 1;
			remoteGlobalIDString = ADA61388200694F700357940;
			remoteInfo = michuapka;
		};
/* End PBXContainerItemProxy section */

/* Begin PBXFileReference section */
		ADA61389200694F700357940 /* michuapka.app */ = {isa = PBXFileReference; explicitFileType = wrapper.application; includeInIndex = 0; path = michuapka.app; sourceTree = BUILT_PRODUCTS_DIR; };
		ADA6138C200694F700357940 /* AppDelegate.swift */ = {isa = PBXFileReference; lastKnownFileType = sourcecode.swift; path = AppDelegate.swift; sourceTree = "<group>"; };
		ADA6138E200694F700357940 /* ViewController.swift */ = {isa = PBXFileReference; lastKnownFileType = sourcecode.swift; path = ViewController.swift; sourceTree = "<group>"; };
		ADA61391200694F700357940 /* Base */ = {isa = PBXFileReference; lastKnownFileType = file.storyboard; name = Base; path = Base.lproj/Main.storyboard; sourceTree = "<group>"; };
		ADA61393200694F700357940 /* Assets.xcassets */ = {isa = PBXFileReference; lastKnownFileType = folder.assetcatalog; path = Assets.xcassets; sourceTree = "<group>"; };
		ADA61396200694F700357940 /* Base */ = {isa = PBXFileReference; lastKnownFileType = file.storyboard; name = Base; path = Base.lproj/LaunchScreen.storyboard; sourceTree = "<group>"; };
		ADA61398200694F700357940 /* Info.plist */ = {isa = PBXFileReference; lastKnownFileType = text.plist.xml; path = Info.plist; sourceTree = "<group>"; };
		ADA6139D200694F700357940 /* michuapkaTests.xctest */ = {isa = PBXFileReference; explicitFileType = wrapper.cfbundle; includeInIndex = 0; path = michuapkaTests.xctest; sourceTree = BUILT_PRODUCTS_DIR; };
		ADA613A1200694F700357940 /* michuapkaTests.swift */ = {isa = PBXFileReference; lastKnownFileType = sourcecode.swift; path = michuapkaTests.swift; sourceTree = "<group>"; };
		ADA613A3200694F700357940 /* Info.plist */ = {isa = PBXFileReference; lastKnownFileType = text.plist.xml; path = Info.plist; sourceTree = "<group>"; };
		ADA613A8200694F700357940 /* michuapkaUITests.xctest */ = {isa = PBXFileReference; explicitFileType = wrapper.cfbundle; includeInIndex = 0; path = michuapkaUITests.xctest; sourceTree = BUILT_PRODUCTS_DIR; };
		ADA613AC200694F700357940 /* michuapkaUITests.swift */ = {isa = PBXFileReference; lastKnownFileType = sourcecode.swift; path = michuapkaUITests.swift; sourceTree = "<group>"; };
		ADA613AE200694F700357940 /* Info.plist */ = {isa = PBXFileReference; lastKnownFileType = text.plist.xml; path = Info.plist; sourceTree = "<group>"; };
/* End PBXFileReference section */

/* Begin PBXFrameworksBuildPhase section */
		ADA61386200694F700357940 /* Frameworks */ = {
			isa = PBXFrameworksBuildPhase;
			buildActionMask = 2147483647;
			files = (
			);
			runOnlyForDeploymentPostprocessing = 0;
		};
		ADA6139A200694F700357940 /* Frameworks */ = {
			isa = PBXFrameworksBuildPhase;
			buildActionMask = 2147483647;
			files = (
			);
			runOnlyForDeploymentPostprocessing = 0;
		};
		ADA613A5200694F700357940 /* Frameworks */ = {
			isa = PBXFrameworksBuildPhase;
			buildActionMask = 2147483647;
			files = (
			);
			runOnlyForDeploymentPostprocessing = 0;
		};
/* End PBXFrameworksBuildPhase section */

/* Begin PBXGroup section */
		ADA61380200694F700357940 = {
			isa = PBXGroup;
			children = (
				ADA6138B200694F700357940 /* michuapka */,
				ADA613A0200694F700357940 /* michuapkaTests */,
				ADA613AB200694F700357940 /* michuapkaUITests */,
				ADA6138A200694F700357940 /* Products */,
			);
			sourceTree = "<group>";
		};
		ADA6138A200694F700357940 /* Products */ = {
			isa = PBXGroup;
			children = (
				ADA61389200694F700357940 /* michuapka.app */,
				ADA6139D200694F700357940 /* michuapkaTests.xctest */,
				ADA613A8200694F700357940 /* michuapkaUITests.xctest */,
			);
			name = Products;
			sourceTree = "<group>";
		};
		ADA6138B200694F700357940 /* michuapka */ = {
			isa = PBXGroup;
			children = (
				ADA6138C200694F700357940 /* AppDelegate.swift */,
				ADA6138E200694F700357940 /* ViewController.swift */,
				ADA61390200694F700357940 /* Main.storyboard */,
				ADA61393200694F700357940 /* Assets.xcassets */,
				ADA61395200694F700357940 /* LaunchScreen.storyboard */,
				ADA61398200694F700357940 /* Info.plist */,
			);
			path = michuapka;
			sourceTree = "<group>";
		};
		ADA613A0200694F700357940 /* michuapkaTests */ = {
			isa = PBXGroup;
			children = (
				ADA613A1200694F700357940 /* michuapkaTests.swift */,
				ADA613A3200694F700357940 /* Info.plist */,
			);
			path = michuapkaTests;
			sourceTree = "<group>";
		};
		ADA613AB200694F700357940 /* michuapkaUITests */ = {
			isa = PBXGroup;
			children = (
				ADA613AC200694F700357940 /* michuapkaUITests.swift */,
				ADA613AE200694F700357940 /* Info.plist */,
			);
			path = michuapkaUITests;
			sourceTree = "<group>";
		};
/* End PBXGroup section */

/* Begin PBXNativeTarget section */
		ADA61388200694F700357940 /* michuapka */ = {
			isa = PBXNativeTarget;
			buildConfigurationList = ADA613B1200694F700357940 /* Build configuration list for PBXNativeTarget "michuapka" */;
			buildPhases = (
				ADA61385200694F700357940 /* Sources */,
				ADA61386200694F700357940 /* Frameworks */,
				ADA61387200694F700357940 /* Resources */,
			);
			buildRules = (
			);
			dependencies = (
			);
			name = michuapka;
			productName = michuapka;
			productReference = ADA61389200694F700357940 /* michuapka.app */;
			productType = "com.apple.product-type.application";
		};
		ADA6139C200694F700357940 /* michuapkaTests */ = {
			isa = PBXNativeTarget;
			buildConfigurationList = ADA613B4200694F700357940 /* Build configuration list for PBXNativeTarget "michuapkaTests" */;
			buildPhases = (
				ADA61399200694F700357940 /* Sources */,
				ADA6139A200694F700357940 /* Frameworks */,
				ADA6139B200694F700357940 /* Resources */,
			);
			buildRules = (
			);
			dependencies = (
				ADA6139F200694F700357940 /* PBXTargetDependency */,
			);
			name = michuapkaTests;
			productName = michuapkaTests;
			productReference = ADA6139D200694F700357940 /* michuapkaTests.xctest */;
			productType = "com.apple.product-type.bundle.unit-test";
		};
		ADA613A7200694F700357940 /* michuapkaUITests */ = {
			isa = PBXNativeTarget;
			buildConfigurationList = ADA613B7200694F700357940 /* Build configuration list for PBXNativeTarget "michuapkaUITests" */;
			buildPhases = (
				ADA613A4200694F700357940 /* Sources */,
				ADA613A5200694F700357940 /* Frameworks */,
				ADA613A6200694F700357940 /* Resources */,
			);
			buildRules = (
			);
			dependencies = (
				ADA613AA200694F700357940 /* PBXTargetDependency */,
			);
			name = michuapkaUITests;
			productName = michuapkaUITests;
			productReference = ADA613A8200694F700357940 /* michuapkaUITests.xctest */;
			productType = "com.apple.product-type.bundle.ui-testing";
		};
/* End PBXNativeTarget section */

/* Begin PBXProject section */
		ADA61381200694F700357940 /* Project object */ = {
			isa = PBXProject;
			attributes = {
				LastSwiftUpdateCheck = 0920;
				LastUpgradeCheck = 0920;
				ORGANIZATIONNAME = Szymon;
				TargetAttributes = {
					ADA61388200694F700357940 = {
						CreatedOnToolsVersion = 9.2;
						ProvisioningStyle = Automatic;
					};
					ADA6139C200694F700357940 = {
						CreatedOnToolsVersion = 9.2;
						ProvisioningStyle = Automatic;
						TestTargetID = ADA61388200694F700357940;
					};
					ADA613A7200694F700357940 = {
						CreatedOnToolsVersion = 9.2;
						ProvisioningStyle = Automatic;
						TestTargetID = ADA61388200694F700357940;
					};
				};
			};
			buildConfigurationList = ADA61384200694F700357940 /* Build configuration list for PBXProject "michuapka" */;
			compatibilityVersion = "Xcode 8.0";
			developmentRegion = en;
			hasScannedForEncodings = 0;
			knownRegions = (
				en,
				Base,
			);
			mainGroup = ADA61380200694F700357940;
			productRefGroup = ADA6138A200694F700357940 /* Products */;
			projectDirPath = "";
			projectRoot = "";
			targets = (
				ADA61388200694F700357940 /* michuapka */,
				ADA6139C200694F700357940 /* michuapkaTests */,
				ADA613A7200694F700357940 /* michuapkaUITests */,
			);
		};
/* End PBXProject section */

/* Begin PBXResourcesBuildPhase section */
		ADA61387200694F700357940 /* Resources */ = {
			isa = PBXResourcesBuildPhase;
			buildActionMask = 2147483647;
			files = (
				ADA61397200694F700357940 /* LaunchScreen.storyboard in Resources */,
				ADA61394200694F700357940 /* Assets.xcassets in Resources */,
				ADA61392200694F700357940 /* Main.storyboard in Resources */,
			);
			runOnlyForDeploymentPostprocessing = 0;
		};
		ADA6139B200694F700357940 /* Resources */ = {
			isa = PBXResourcesBuildPhase;
			buildActionMask = 2147483647;
			files = (
			);
			runOnlyForDeploymentPostprocessing = 0;
		};
		ADA613A6200694F700357940 /* Resources */ = {
			isa = PBXResourcesBuildPhase;
			buildActionMask = 2147483647;
			files = (
			);
			runOnlyForDeploymentPostprocessing = 0;
		};
/* End PBXResourcesBuildPhase section */

/* Begin PBXSourcesBuildPhase section */
		ADA61385200694F700357940 /* Sources */ = {
			isa = PBXSourcesBuildPhase;
			buildActionMask = 2147483647;
			files = (
				ADA6138F200694F700357940 /* ViewController.swift in Sources */,
				ADA6138D200694F700357940 /* AppDelegate.swift in Sources */,
			);
			runOnlyForDeploymentPostprocessing = 0;
		};
		ADA61399200694F700357940 /* Sources */ = {
			isa = PBXSourcesBuildPhase;
			buildActionMask = 2147483647;
			files = (
				ADA613A2200694F700357940 /* michuapkaTests.swift in Sources */,
			);
			runOnlyForDeploymentPostprocessing = 0;
		};
		ADA613A4200694F700357940 /* Sources */ = {
			isa = PBXSourcesBuildPhase;
			buildActionMask = 2147483647;
			files = (
				ADA613AD200694F700357940 /* michuapkaUITests.swift in Sources */,
			);
			runOnlyForDeploymentPostprocessing = 0;
		};
/* End PBXSourcesBuildPhase section */

/* Begin PBXTargetDependency section */
		ADA6139F200694F700357940 /* PBXTargetDependency */ = {
			isa = PBXTargetDependency;
			target = ADA61388200694F700357940 /* michuapka */;
			targetProxy = ADA6139E200694F700357940 /* PBXContainerItemProxy */;
		};
		ADA613AA200694F700357940 /* PBXTargetDependency */ = {
			isa = PBXTargetDependency;
			target = ADA61388200694F700357940 /* michuapka */;
			targetProxy = ADA613A9200694F700357940 /* PBXContainerItemProxy */;
		};
/* End PBXTargetDependency section */

/* Begin PBXVariantGroup section */
		ADA61390200694F700357940 /* Main.storyboard */ = {
			isa = PBXVariantGroup;
			children = (
				ADA61391200694F700357940 /* Base */,
			);
			name = Main.storyboard;
			sourceTree = "<group>";
		};
		ADA61395200694F700357940 /* LaunchScreen.storyboard */ = {
			isa = PBXVariantGroup;
			children = (
				ADA61396200694F700357940 /* Base */,
			);
			name = LaunchScreen.storyboard;
			sourceTree = "<group>";
		};
/* End PBXVariantGroup section */

/* Begin XCBuildConfiguration section */
		ADA613AF200694F700357940 /* Debug */ = {
			isa = XCBuildConfiguration;
			buildSettings = {
				ALWAYS_SEARCH_USER_PATHS = NO;
				CLANG_ANALYZER_NONNULL = YES;
				CLANG_ANALYZER_NUMBER_OBJECT_CONVERSION = YES_AGGRESSIVE;
				CLANG_CXX_LANGUAGE_STANDARD = "gnu++14";
				CLANG_CXX_LIBRARY = "libc++";
				CLANG_ENABLE_MODULES = YES;
				CLANG_ENABLE_OBJC_ARC = YES;
				CLANG_WARN_BLOCK_CAPTURE_AUTORELEASING = YES;
				CLANG_WARN_BOOL_CONVERSION = YES;
				CLANG_WARN_COMMA = YES;
				CLANG_WARN_CONSTANT_CONVERSION = YES;
				CLANG_WARN_DIRECT_OBJC_ISA_USAGE = YES_ERROR;
				CLANG_WARN_DOCUMENTATION_COMMENTS = YES;
				CLANG_WARN_EMPTY_BODY = YES;
				CLANG_WARN_ENUM_CONVERSION = YES;
				CLANG_WARN_INFINITE_RECURSION = YES;
				CLANG_WARN_INT_CONVERSION = YES;
				CLANG_WARN_NON_LITERAL_NULL_CONVERSION = YES;
				CLANG_WARN_OBJC_LITERAL_CONVERSION = YES;
				CLANG_WARN_OBJC_ROOT_CLASS = YES_ERROR;
				CLANG_WARN_RANGE_LOOP_ANALYSIS = YES;
				CLANG_WARN_STRICT_PROTOTYPES = YES;
				CLANG_WARN_SUSPICIOUS_MOVE = YES;
				CLANG_WARN_UNGUARDED_AVAILABILITY = YES_AGGRESSIVE;
				CLANG_WARN_UNREACHABLE_CODE = YES;
				CLANG_WARN__DUPLICATE_METHOD_MATCH = YES;
				CODE_SIGN_IDENTITY = "iPhone Developer";
				COPY_PHASE_STRIP = NO;
				DEBUG_INFORMATION_FORMAT = dwarf;
				ENABLE_STRICT_OBJC_MSGSEND = YES;
				ENABLE_TESTABILITY = YES;
				GCC_C_LANGUAGE_STANDARD = gnu11;
				GCC_DYNAMIC_NO_PIC = NO;
				GCC_NO_COMMON_BLOCKS = YES;
				GCC_OPTIMIZATION_LEVEL = 0;
				GCC_PREPROCESSOR_DEFINITIONS = (
					"DEBUG=1",
					"$(inherited)",
				);
				GCC_WARN_64_TO_32_BIT_CONVERSION = YES;
				GCC_WARN_ABOUT_RETURN_TYPE = YES_ERROR;
				GCC_WARN_UNDECLARED_SELECTOR = YES;
				GCC_WARN_UNINITIALIZED_AUTOS = YES_AGGRESSIVE;
				GCC_WARN_UNUSED_FUNCTION = YES;
				GCC_WARN_UNUSED_VARIABLE = YES;
				IPHONEOS_DEPLOYMENT_TARGET = 11.2;
				MTL_ENABLE_DEBUG_INFO = YES;
				ONLY_ACTIVE_ARCH = YES;
				SDKROOT = iphoneos;
				SWIFT_ACTIVE_COMPILATION_CONDITIONS = DEBUG;
				SWIFT_OPTIMIZATION_LEVEL = "-Onone";
			};
			name = Debug;
		};
		ADA613B0200694F700357940 /* Release */ = {
			isa = XCBuildConfiguration;
			buildSettings = {
				ALWAYS_SEARCH_USER_PATHS = NO;
				CLANG_ANALYZER_NONNULL = YES;
				CLANG_ANALYZER_NUMBER_OBJECT_CONVERSION = YES_AGGRESSIVE;
				CLANG_CXX_LANGUAGE_STANDARD = "gnu++14";
				CLANG_CXX_LIBRARY = "libc++";
				CLANG_ENABLE_MODULES = YES;
				CLANG_ENABLE_OBJC_ARC = YES;
				CLANG_WARN_BLOCK_CAPTURE_AUTORELEASING = YES;
				CLANG_WARN_BOOL_CONVERSION = YES;
				CLANG_WARN_COMMA = YES;
				CLANG_WARN_CONSTANT_CONVERSION = YES;
				CLANG_WARN_DIRECT_OBJC_ISA_USAGE = YES_ERROR;
				CLANG_WARN_DOCUMENTATION_COMMENTS = YES;
				CLANG_WARN_EMPTY_BODY = YES;
				CLANG_WARN_ENUM_CONVERSION = YES;
				CLANG_WARN_INFINITE_RECURSION = YES;
				CLANG_WARN_INT_CONVERSION = YES;
				CLANG_WARN_NON_LITERAL_NULL_CONVERSION = YES;
				CLANG_WARN_OBJC_LITERAL_CONVERSION = YES;
				CLANG_WARN_OBJC_ROOT_CLASS = YES_ERROR;
				CLANG_WARN_RANGE_LOOP_ANALYSIS = YES;
				CLANG_WARN_STRICT_PROTOTYPES = YES;
				CLANG_WARN_SUSPICIOUS_MOVE = YES;
				CLANG_WARN_UNGUARDED_AVAILABILITY = YES_AGGRESSIVE;
				CLANG_WARN_UNREACHABLE_CODE = YES;
				CLANG_WARN__DUPLICATE_METHOD_MATCH = YES;
				CODE_SIGN_IDENTITY = "iPhone Developer";
				COPY_PHASE_STRIP = NO;
				DEBUG_INFORMATION_FORMAT = "dwarf-with-dsym";
				ENABLE_NS_ASSERTIONS = NO;
				ENABLE_STRICT_OBJC_MSGSEND = YES;
				GCC_C_LANGUAGE_STANDARD = gnu11;
				GCC_NO_COMMON_BLOCKS = YES;
				GCC_WARN_64_TO_32_BIT_CONVERSION = YES;
				GCC_WARN_ABOUT_RETURN_TYPE = YES_ERROR;
				GCC_WARN_UNDECLARED_SELECTOR = YES;
				GCC_WARN_UNINITIALIZED_AUTOS = YES_AGGRESSIVE;
				GCC_WARN_UNUSED_FUNCTION = YES;
				GCC_WARN_UNUSED_VARIABLE = YES;
				IPHONEOS_DEPLOYMENT_TARGET = 11.2;
				MTL_ENABLE_DEBUG_INFO = NO;
				SDKROOT = iphoneos;
				SWIFT_OPTIMIZATION_LEVEL = "-Owholemodule";
				VALIDATE_PRODUCT = YES;
			};
			name = Release;
		};
		ADA613B2200694F700357940 /* Debug */ = {
			isa = XCBuildConfiguration;
			buildSettings = {
				ASSETCATALOG_COMPILER_APPICON_NAME = AppIcon;
				CODE_SIGN_STYLE = Automatic;
				DEVELOPMENT_TEAM = F4QEZQHNUT;
				INFOPLIST_FILE = michuapka/Info.plist;
				LD_RUNPATH_SEARCH_PATHS = "$(inherited) @executable_path/Frameworks";
				PRODUCT_BUNDLE_IDENTIFIER = michonszy.michuapka;
				PRODUCT_NAME = "$(TARGET_NAME)";
				SWIFT_VERSION = 4.0;
				TARGETED_DEVICE_FAMILY = "1,2";
			};
			name = Debug;
		};
		ADA613B3200694F700357940 /* Release */ = {
			isa = XCBuildConfiguration;
			buildSettings = {
				ASSETCATALOG_COMPILER_APPICON_NAME = AppIcon;
				CODE_SIGN_STYLE = Automatic;
				DEVELOPMENT_TEAM = F4QEZQHNUT;
				INFOPLIST_FILE = michuapka/Info.plist;
				LD_RUNPATH_SEARCH_PATHS = "$(inherited) @executable_path/Frameworks";
				PRODUCT_BUNDLE_IDENTIFIER = michonszy.michuapka;
				PRODUCT_NAME = "$(TARGET_NAME)";
				SWIFT_VERSION = 4.0;
				TARGETED_DEVICE_FAMILY = "1,2";
			};
			name = Release;
		};
		ADA613B5200694F700357940 /* Debug */ = {
			isa = XCBuildConfiguration;
			buildSettings = {
				ALWAYS_EMBED_SWIFT_STANDARD_LIBRARIES = YES;
				BUNDLE_LOADER = "$(TEST_HOST)";
				CODE_SIGN_STYLE = Automatic;
				INFOPLIST_FILE = michuapkaTests/Info.plist;
				LD_RUNPATH_SEARCH_PATHS = "$(inherited) @executable_path/Frameworks @loader_path/Frameworks";
				PRODUCT_BUNDLE_IDENTIFIER = michonszy.michuapkaTests;
				PRODUCT_NAME = "$(TARGET_NAME)";
				SWIFT_VERSION = 4.0;
				TARGETED_DEVICE_FAMILY = "1,2";
				TEST_HOST = "$(BUILT_PRODUCTS_DIR)/michuapka.app/michuapka";
			};
			name = Debug;
		};
		ADA613B6200694F700357940 /* Release */ = {
			isa = XCBuildConfiguration;
			buildSettings = {
				ALWAYS_EMBED_SWIFT_STANDARD_LIBRARIES = YES;
				BUNDLE_LOADER = "$(TEST_HOST)";
				CODE_SIGN_STYLE = Automatic;
				INFOPLIST_FILE = michuapkaTests/Info.plist;
				LD_RUNPATH_SEARCH_PATHS = "$(inherited) @executable_path/Frameworks @loader_path/Frameworks";
				PRODUCT_BUNDLE_IDENTIFIER = michonszy.michuapkaTests;
				PRODUCT_NAME = "$(TARGET_NAME)";
				SWIFT_VERSION = 4.0;
				TARGETED_DEVICE_FAMILY = "1,2";
				TEST_HOST = "$(BUILT_PRODUCTS_DIR)/michuapka.app/michuapka";
			};
			name = Release;
		};
		ADA613B8200694F700357940 /* Debug */ = {
			isa = XCBuildConfiguration;
			buildSettings = {
				ALWAYS_EMBED_SWIFT_STANDARD_LIBRARIES = YES;
				CODE_SIGN_STYLE = Automatic;
				INFOPLIST_FILE = michuapkaUITests/Info.plist;
				LD_RUNPATH_SEARCH_PATHS = "$(inherited) @executable_path/Frameworks @loader_path/Frameworks";
				PRODUCT_BUNDLE_IDENTIFIER = michonszy.michuapkaUITests;
				PRODUCT_NAME = "$(TARGET_NAME)";
				SWIFT_VERSION = 4.0;
				TARGETED_DEVICE_FAMILY = "1,2";
				TEST_TARGET_NAME = michuapka;
			};
			name = Debug;
		};
		ADA613B9200694F700357940 /* Release */ = {
			isa = XCBuildConfiguration;
			buildSettings = {
				ALWAYS_EMBED_SWIFT_STANDARD_LIBRARIES = YES;
				CODE_SIGN_STYLE = Automatic;
				INFOPLIST_FILE = michuapkaUITests/Info.plist;
				LD_RUNPATH_SEARCH_PATHS = "$(inherited) @executable_path/Frameworks @loader_path/Frameworks";
				PRODUCT_BUNDLE_IDENTIFIER = michonszy.michuapkaUITests;
				PRODUCT_NAME = "$(TARGET_NAME)";
				SWIFT_VERSION = 4.0;
				TARGETED_DEVICE_FAMILY = "1,2";
				TEST_TARGET_NAME = michuapka;
			};
			name = Release;
		};
/* End XCBuildConfiguration section */

/* Begin XCConfigurationList section */
		ADA61384200694F700357940 /* Build configuration list for PBXProject "michuapka" */ = {
			isa = XCConfigurationList;
			buildConfigurations = (
				ADA613AF200694F700357940 /* Debug */,
				ADA613B0200694F700357940 /* Release */,
			);
			defaultConfigurationIsVisible = 0;
			defaultConfigurationName = Release;
		};
		ADA613B1200694F700357940 /* Build configuration list for PBXNativeTarget "michuapka" */ = {
			isa = XCConfigurationList;
			buildConfigurations = (
				ADA613B2200694F700357940 /* Debug */,
				ADA613B3200694F700357940 /* Release */,
			);
			defaultConfigurationIsVisible = 0;
			defaultConfigurationName = Release;
		};
		ADA613B4200694F700357940 /* Build configuration list for PBXNativeTarget "michuapkaTests" */ = {
			isa = XCConfigurationList;
			buildConfigurations = (
				ADA613B5200694F700357940 /* Debug */,
				ADA613B6200694F700357940 /* Release */,
			);
			defaultConfigurationIsVisible = 0;
			defaultConfigurationName = Release;
		};
		ADA613B7200694F700357940 /* Build configuration list for PBXNativeTarget "michuapkaUITests" */ = {
			isa = XCConfigurationList;
			buildConfigurations = (
				ADA613B8200694F700357940 /* Debug */,
				ADA613B9200694F700357940 /* Release */,
			);
			defaultConfigurationIsVisible = 0;
			defaultConfigurationName = Release;
		};
/* End XCConfigurationList section */
	};
	rootObject = ADA61381200694F700357940 /* Project object */;
}
